
Microsoft Visual Studio Solution File, Format Version 12.00
# Visual Studio Version 17
VisualStudioVersion = 17.2.32630.192
MinimumVisualStudioVersion = 10.0.40219.1
Project("{FAE04EC0-301F-11D3-BF4B-00C04F79EFBC}") = "custom_rules_wf_461", "custom_rules_wf_461.csproj", "{8AF6F8EF-AF1D-42A9-B0EE-44B32468F895}"
EndProject
Global
	GlobalSection(SolutionConfigurationPlatforms) = preSolution
		Debug|Any CPU = Debug|Any CPU
		Release|Any CPU = Release|Any CPU
	EndGlobalSection
	GlobalSection(ProjectConfigurationPlatforms) = postSolution
		{8AF6F8EF-AF1D-42A9-B0EE-44B32468F895}.Debug|Any CPU.ActiveCfg = Debug|Any CPU
		{8AF6F8EF-AF1D-42A9-B0EE-44B32468F895}.Debug|Any CPU.Build.0 = Debug|Any CPU
		{8AF6F8EF-AF1D-42A9-B0EE-44B32468F895}.Release|Any CPU.ActiveCfg = Release|Any CPU
		{8AF6F8EF-AF1D-42A9-B0EE-44B32468F895}.Release|Any CPU.Build.0 = Release|Any CPU
	EndGlobalSection
	GlobalSection(SolutionProperties) = preSolution
		HideSolutionNode = FALSE
	EndGlobalSection
	GlobalSection(ExtensibilityGlobals) = postSolution
		SolutionGuid = {ABCA0721-F7A2-40A4-87EB-E45539833431}
	EndGlobalSection
EndGlobal
